// !$*UTF8*$!
{
	archiveVersion = 1;
	classes = {
	};
	objectVersion = 77;
	objects = {

/* Begin PBXBuildFile section */
		3D6DC2732E06D9F00034AF94 /* DrapeauSwift in Frameworks */ = {isa = PBXBuildFile; productRef = 3D6DC2722E06D9F00034AF94 /* DrapeauSwift */; };
/* End PBXBuildFile section */

/* Begin PBXContainerItemProxy section */
		3D6DC2482E06D9150034AF94 /* PBXContainerItemProxy */ = {
			isa = PBXContainerItemProxy;
			containerPortal = 3D6DC2312E06D9140034AF94 /* Project object */;
			proxyType = 1;
			remoteGlobalIDString = 3D6DC2382E06D9140034AF94;
			remoteInfo = DrapeauExample;
		};
		3D6DC2522E06D9150034AF94 /* PBXContainerItemProxy */ = {
			isa = PBXContainerItemProxy;
			containerPortal = 3D6DC2312E06D9140034AF94 /* Project object */;
			proxyType = 1;
			remoteGlobalIDString = 3D6DC2382E06D9140034AF94;
			remoteInfo = DrapeauExample;
		};
/* End PBXContainerItemProxy section */

/* Begin PBXFileReference section */
		3D6DC2392E06D9140034AF94 /* DrapeauExample.app */ = {isa = PBXFileReference; explicitFileType = wrapper.application; includeInIndex = 0; path = DrapeauExample.app; sourceTree = BUILT_PRODUCTS_DIR; };
		3D6DC2472E06D9150034AF94 /* DrapeauExampleTests.xctest */ = {isa = PBXFileReference; explicitFileType = wrapper.cfbundle; includeInIndex = 0; path = DrapeauExampleTests.xctest; sourceTree = BUILT_PRODUCTS_DIR; };
		3D6DC2512E06D9150034AF94 /* DrapeauExampleUITests.xctest */ = {isa = PBXFileReference; explicitFileType = wrapper.cfbundle; includeInIndex = 0; path = DrapeauExampleUITests.xctest; sourceTree = BUILT_PRODUCTS_DIR; };
/* End PBXFileReference section */

/* Begin PBXFileSystemSynchronizedRootGroup section */
		3D6DC23B2E06D9140034AF94 /* DrapeauExample */ = {
			isa = PBXFileSystemSynchronizedRootGroup;
			path = DrapeauExample;
			sourceTree = "<group>";
		};
		3D6DC24A2E06D9150034AF94 /* DrapeauExampleTests */ = {
			isa = PBXFileSystemSynchronizedRootGroup;
			path = DrapeauExampleTests;
			sourceTree = "<group>";
		};
		3D6DC2542E06D9150034AF94 /* DrapeauExampleUITests */ = {
			isa = PBXFileSystemSynchronizedRootGroup;
			path = DrapeauExampleUITests;
			sourceTree = "<group>";
		};
/* End PBXFileSystemSynchronizedRootGroup section */

/* Begin PBXFrameworksBuildPhase section */
		3D6DC2362E06D9140034AF94 /* Frameworks */ = {
			isa = PBXFrameworksBuildPhase;
			buildActionMask = 2147483647;
			files = (
				3D6DC2732E06D9F00034AF94 /* DrapeauSwift in Frameworks */,
			);
			runOnlyForDeploymentPostprocessing = 0;
		};
		3D6DC2442E06D9150034AF94 /* Frameworks */ = {
			isa = PBXFrameworksBuildPhase;
			buildActionMask = 2147483647;
			files = (
			);
			runOnlyForDeploymentPostprocessing = 0;
		};
		3D6DC24E2E06D9150034AF94 /* Frameworks */ = {
			isa = PBXFrameworksBuildPhase;
			buildActionMask = 2147483647;
			files = (
			);
			runOnlyForDeploymentPostprocessing = 0;
		};
/* End PBXFrameworksBuildPhase section */

/* Begin PBXGroup section */
		3D6DC2302E06D9140034AF94 = {
			isa = PBXGroup;
			children = (
				3D6DC23B2E06D9140034AF94 /* DrapeauExample */,
				3D6DC24A2E06D9150034AF94 /* DrapeauExampleTests */,
				3D6DC2542E06D9150034AF94 /* DrapeauExampleUITests */,
				3D6DC23A2E06D9140034AF94 /* Products */,
			);
			sourceTree = "<group>";
		};
		3D6DC23A2E06D9140034AF94 /* Products */ = {
			isa = PBXGroup;
			children = (
				3D6DC2392E06D9140034AF94 /* DrapeauExample.app */,
				3D6DC2472E06D9150034AF94 /* DrapeauExampleTests.xctest */,
				3D6DC2512E06D9150034AF94 /* DrapeauExampleUITests.xctest */,
			);
			name = Products;
			sourceTree = "<group>";
		};
/* End PBXGroup section */

/* Begin PBXNativeTarget section */
		3D6DC2382E06D9140034AF94 /* DrapeauExample */ = {
			isa = PBXNativeTarget;
			buildConfigurationList = 3D6DC25B2E06D9150034AF94 /* Build configuration list for PBXNativeTarget "DrapeauExample" */;
			buildPhases = (
				3D6DC2352E06D9140034AF94 /* Sources */,
				3D6DC2362E06D9140034AF94 /* Frameworks */,
				3D6DC2372E06D9140034AF94 /* Resources */,
			);
			buildRules = (
			);
			dependencies = (
			);
			fileSystemSynchronizedGroups = (
				3D6DC23B2E06D9140034AF94 /* DrapeauExample */,
			);
			name = DrapeauExample;
			packageProductDependencies = (
				3D6DC2722E06D9F00034AF94 /* DrapeauSwift */,
			);
			productName = DrapeauExample;
			productReference = 3D6DC2392E06D9140034AF94 /* DrapeauExample.app */;
			productType = "com.apple.product-type.application";
		};
		3D6DC2462E06D9150034AF94 /* DrapeauExampleTests */ = {
			isa = PBXNativeTarget;
			buildConfigurationList = 3D6DC25E2E06D9150034AF94 /* Build configuration list for PBXNativeTarget "DrapeauExampleTests" */;
			buildPhases = (
				3D6DC2432E06D9150034AF94 /* Sources */,
				3D6DC2442E06D9150034AF94 /* Frameworks */,
				3D6DC2452E06D9150034AF94 /* Resources */,
			);
			buildRules = (
			);
			dependencies = (
				3D6DC2492E06D9150034AF94 /* PBXTargetDependency */,
			);
			fileSystemSynchronizedGroups = (
				3D6DC24A2E06D9150034AF94 /* DrapeauExampleTests */,
			);
			name = DrapeauExampleTests;
			packageProductDependencies = (
			);
			productName = DrapeauExampleTests;
			productReference = 3D6DC2472E06D9150034AF94 /* DrapeauExampleTests.xctest */;
			productType = "com.apple.product-type.bundle.unit-test";
		};
		3D6DC2502E06D9150034AF94 /* DrapeauExampleUITests */ = {
			isa = PBXNativeTarget;
			buildConfigurationList = 3D6DC2612E06D9150034AF94 /* Build configuration list for PBXNativeTarget "DrapeauExampleUITests" */;
			buildPhases = (
				3D6DC24D2E06D9150034AF94 /* Sources */,
				3D6DC24E2E06D9150034AF94 /* Frameworks */,
				3D6DC24F2E06D9150034AF94 /* Resources */,
			);
			buildRules = (
			);
			dependencies = (
				3D6DC2532E06D9150034AF94 /* PBXTargetDependency */,
			);
			fileSystemSynchronizedGroups = (
				3D6DC2542E06D9150034AF94 /* DrapeauExampleUITests */,
			);
			name = DrapeauExampleUITests;
			packageProductDependencies = (
			);
			productName = DrapeauExampleUITests;
			productReference = 3D6DC2512E06D9150034AF94 /* DrapeauExampleUITests.xctest */;
			productType = "com.apple.product-type.bundle.ui-testing";
		};
/* End PBXNativeTarget section */

/* Begin PBXProject section */
		3D6DC2312E06D9140034AF94 /* Project object */ = {
			isa = PBXProject;
			attributes = {
				BuildIndependentTargetsInParallel = 1;
				LastSwiftUpdateCheck = 1640;
				LastUpgradeCheck = 1640;
				TargetAttributes = {
					3D6DC2382E06D9140034AF94 = {
						CreatedOnToolsVersion = 16.4;
					};
					3D6DC2462E06D9150034AF94 = {
						CreatedOnToolsVersion = 16.4;
						TestTargetID = 3D6DC2382E06D9140034AF94;
					};
					3D6DC2502E06D9150034AF94 = {
						CreatedOnToolsVersion = 16.4;
						TestTargetID = 3D6DC2382E06D9140034AF94;
					};
				};
			};
			buildConfigurationList = 3D6DC2342E06D9140034AF94 /* Build configuration list for PBXProject "DrapeauExample" */;
			developmentRegion = en;
			hasScannedForEncodings = 0;
			knownRegions = (
				en,
				Base,
			);
			mainGroup = 3D6DC2302E06D9140034AF94;
			minimizedProjectReferenceProxies = 1;
			packageReferences = (
				3D6DC2712E06D9F00034AF94 /* XCRemoteSwiftPackageReference "DrapeauSwift" */,
			);
			preferredProjectObjectVersion = 77;
			productRefGroup = 3D6DC23A2E06D9140034AF94 /* Products */;
			projectDirPath = "";
			projectRoot = "";
			targets = (
				3D6DC2382E06D9140034AF94 /* DrapeauExample */,
				3D6DC2462E06D9150034AF94 /* DrapeauExampleTests */,
				3D6DC2502E06D9150034AF94 /* DrapeauExampleUITests */,
			);
		};
/* End PBXProject section */

/* Begin PBXResourcesBuildPhase section */
		3D6DC2372E06D9140034AF94 /* Resources */ = {
			isa = PBXResourcesBuildPhase;
			buildActionMask = 2147483647;
			files = (
			);
			runOnlyForDeploymentPostprocessing = 0;
		};
		3D6DC2452E06D9150034AF94 /* Resources */ = {
			isa = PBXResourcesBuildPhase;
			buildActionMask = 2147483647;
			files = (
			);
			runOnlyForDeploymentPostprocessing = 0;
		};
		3D6DC24F2E06D9150034AF94 /* Resources */ = {
			isa = PBXResourcesBuildPhase;
			buildActionMask = 2147483647;
			files = (
			);
			runOnlyForDeploymentPostprocessing = 0;
		};
/* End PBXResourcesBuildPhase section */

/* Begin PBXSourcesBuildPhase section */
		3D6DC2352E06D9140034AF94 /* Sources */ = {
			isa = PBXSourcesBuildPhase;
			buildActionMask = 2147483647;
			files = (
			);
			runOnlyForDeploymentPostprocessing = 0;
		};
		3D6DC2432E06D9150034AF94 /* Sources */ = {
			isa = PBXSourcesBuildPhase;
			buildActionMask = 2147483647;
			files = (
			);
			runOnlyForDeploymentPostprocessing = 0;
		};
		3D6DC24D2E06D9150034AF94 /* Sources */ = {
			isa = PBXSourcesBuildPhase;
			buildActionMask = 2147483647;
			files = (
			);
			runOnlyForDeploymentPostprocessing = 0;
		};
/* End PBXSourcesBuildPhase section */

/* Begin PBXTargetDependency section */
		3D6DC2492E06D9150034AF94 /* PBXTargetDependency */ = {
			isa = PBXTargetDependency;
			target = 3D6DC2382E06D9140034AF94 /* DrapeauExample */;
			targetProxy = 3D6DC2482E06D9150034AF94 /* PBXContainerItemProxy */;
		};
		3D6DC2532E06D9150034AF94 /* PBXTargetDependency */ = {
			isa = PBXTargetDependency;
			target = 3D6DC2382E06D9140034AF94 /* DrapeauExample */;
			targetProxy = 3D6DC2522E06D9150034AF94 /* PBXContainerItemProxy */;
		};
/* End PBXTargetDependency section */

/* Begin XCBuildConfiguration section */
		3D6DC2592E06D9150034AF94 /* Debug */ = {
			isa = XCBuildConfiguration;
			buildSettings = {
				ALWAYS_SEARCH_USER_PATHS = NO;
				ASSETCATALOG_COMPILER_GENERATE_SWIFT_ASSET_SYMBOL_EXTENSIONS = YES;
				CLANG_ANALYZER_NONNULL = YES;
				CLANG_ANALYZER_NUMBER_OBJECT_CONVERSION = YES_AGGRESSIVE;
				CLANG_CXX_LANGUAGE_STANDARD = "gnu++20";
				CLANG_ENABLE_MODULES = YES;
				CLANG_ENABLE_OBJC_ARC = YES;
				CLANG_ENABLE_OBJC_WEAK = YES;
				CLANG_WARN_BLOCK_CAPTURE_AUTORELEASING = YES;
				CLANG_WARN_BOOL_CONVERSION = YES;
				CLANG_WARN_COMMA = YES;
				CLANG_WARN_CONSTANT_CONVERSION = YES;
				CLANG_WARN_DEPRECATED_OBJC_IMPLEMENTATIONS = YES;
				CLANG_WARN_DIRECT_OBJC_ISA_USAGE = YES_ERROR;
				CLANG_WARN_DOCUMENTATION_COMMENTS = YES;
				CLANG_WARN_EMPTY_BODY = YES;
				CLANG_WARN_ENUM_CONVERSION = YES;
				CLANG_WARN_INFINITE_RECURSION = YES;
				CLANG_WARN_INT_CONVERSION = YES;
				CLANG_WARN_NON_LITERAL_NULL_CONVERSION = YES;
				CLANG_WARN_OBJC_IMPLICIT_RETAIN_SELF = YES;
				CLANG_WARN_OBJC_LITERAL_CONVERSION = YES;
				CLANG_WARN_OBJC_ROOT_CLASS = YES_ERROR;
				CLANG_WARN_QUOTED_INCLUDE_IN_FRAMEWORK_HEADER = YES;
				CLANG_WARN_RANGE_LOOP_ANALYSIS = YES;
				CLANG_WARN_STRICT_PROTOTYPES = YES;
				CLANG_WARN_SUSPICIOUS_MOVE = YES;
				CLANG_WARN_UNGUARDED_AVAILABILITY = YES_AGGRESSIVE;
				CLANG_WARN_UNREACHABLE_CODE = YES;
				CLANG_WARN__DUPLICATE_METHOD_MATCH = YES;
				COPY_PHASE_STRIP = NO;
				DEBUG_INFORMATION_FORMAT = dwarf;
				DEVELOPMENT_TEAM = BK8PRMYFUA;
				ENABLE_STRICT_OBJC_MSGSEND = YES;
				ENABLE_TESTABILITY = YES;
				ENABLE_USER_SCRIPT_SANDBOXING = YES;
				GCC_C_LANGUAGE_STANDARD = gnu17;
				GCC_DYNAMIC_NO_PIC = NO;
				GCC_NO_COMMON_BLOCKS = YES;
				GCC_OPTIMIZATION_LEVEL = 0;
				GCC_PREPROCESSOR_DEFINITIONS = (
					"DEBUG=1",
					"$(inherited)",
				);
				GCC_WARN_64_TO_32_BIT_CONVERSION = YES;
				GCC_WARN_ABOUT_RETURN_TYPE = YES_ERROR;
				GCC_WARN_UNDECLARED_SELECTOR = YES;
				GCC_WARN_UNINITIALIZED_AUTOS = YES_AGGRESSIVE;
				GCC_WARN_UNUSED_FUNCTION = YES;
				GCC_WARN_UNUSED_VARIABLE = YES;
				LOCALIZATION_PREFERS_STRING_CATALOGS = YES;
				MTL_ENABLE_DEBUG_INFO = INCLUDE_SOURCE;
				MTL_FAST_MATH = YES;
				ONLY_ACTIVE_ARCH = YES;
				SWIFT_ACTIVE_COMPILATION_CONDITIONS = "DEBUG $(inherited)";
				SWIFT_OPTIMIZATION_LEVEL = "-Onone";
			};
			name = Debug;
		};
		3D6DC25A2E06D9150034AF94 /* Release */ = {
			isa = XCBuildConfiguration;
			buildSettings = {
				ALWAYS_SEARCH_USER_PATHS = NO;
				ASSETCATALOG_COMPILER_GENERATE_SWIFT_ASSET_SYMBOL_EXTENSIONS = YES;
				CLANG_ANALYZER_NONNULL = YES;
				CLANG_ANALYZER_NUMBER_OBJECT_CONVERSION = YES_AGGRESSIVE;
				CLANG_CXX_LANGUAGE_STANDARD = "gnu++20";
				CLANG_ENABLE_MODULES = YES;
				CLANG_ENABLE_OBJC_ARC = YES;
				CLANG_ENABLE_OBJC_WEAK = YES;
				CLANG_WARN_BLOCK_CAPTURE_AUTORELEASING = YES;
				CLANG_WARN_BOOL_CONVERSION = YES;
				CLANG_WARN_COMMA = YES;
				CLANG_WARN_CONSTANT_CONVERSION = YES;
				CLANG_WARN_DEPRECATED_OBJC_IMPLEMENTATIONS = YES;
				CLANG_WARN_DIRECT_OBJC_ISA_USAGE = YES_ERROR;
				CLANG_WARN_DOCUMENTATION_COMMENTS = YES;
				CLANG_WARN_EMPTY_BODY = YES;
				CLANG_WARN_ENUM_CONVERSION = YES;
				CLANG_WARN_INFINITE_RECURSION = YES;
				CLANG_WARN_INT_CONVERSION = YES;
				CLANG_WARN_NON_LITERAL_NULL_CONVERSION = YES;
				CLANG_WARN_OBJC_IMPLICIT_RETAIN_SELF = YES;
				CLANG_WARN_OBJC_LITERAL_CONVERSION = YES;
				CLANG_WARN_OBJC_ROOT_CLASS = YES_ERROR;
				CLANG_WARN_QUOTED_INCLUDE_IN_FRAMEWORK_HEADER = YES;
				CLANG_WARN_RANGE_LOOP_ANALYSIS = YES;
				CLANG_WARN_STRICT_PROTOTYPES = YES;
				CLANG_WARN_SUSPICIOUS_MOVE = YES;
				CLANG_WARN_UNGUARDED_AVAILABILITY = YES_AGGRESSIVE;
				CLANG_WARN_UNREACHABLE_CODE = YES;
				CLANG_WARN__DUPLICATE_METHOD_MATCH = YES;
				COPY_PHASE_STRIP = NO;
				DEBUG_INFORMATION_FORMAT = "dwarf-with-dsym";
				DEVELOPMENT_TEAM = BK8PRMYFUA;
				ENABLE_NS_ASSERTIONS = NO;
				ENABLE_STRICT_OBJC_MSGSEND = YES;
				ENABLE_USER_SCRIPT_SANDBOXING = YES;
				GCC_C_LANGUAGE_STANDARD = gnu17;
				GCC_NO_COMMON_BLOCKS = YES;
				GCC_WARN_64_TO_32_BIT_CONVERSION = YES;
				GCC_WARN_ABOUT_RETURN_TYPE = YES_ERROR;
				GCC_WARN_UNDECLARED_SELECTOR = YES;
				GCC_WARN_UNINITIALIZED_AUTOS = YES_AGGRESSIVE;
				GCC_WARN_UNUSED_FUNCTION = YES;
				GCC_WARN_UNUSED_VARIABLE = YES;
				LOCALIZATION_PREFERS_STRING_CATALOGS = YES;
				MTL_ENABLE_DEBUG_INFO = NO;
				MTL_FAST_MATH = YES;
				SWIFT_COMPILATION_MODE = wholemodule;
			};
			name = Release;
		};
		3D6DC25C2E06D9150034AF94 /* Debug */ = {
			isa = XCBuildConfiguration;
			buildSettings = {
				ASSETCATALOG_COMPILER_APPICON_NAME = AppIcon;
				ASSETCATALOG_COMPILER_GLOBAL_ACCENT_COLOR_NAME = AccentColor;
				CODE_SIGN_ENTITLEMENTS = DrapeauExample/DrapeauExample.entitlements;
				CODE_SIGN_STYLE = Automatic;
				CURRENT_PROJECT_VERSION = 1;
				DEVELOPMENT_TEAM = BK8PRMYFUA;
				ENABLE_HARDENED_RUNTIME = YES;
				ENABLE_PREVIEWS = YES;
				GENERATE_INFOPLIST_FILE = YES;
				"INFOPLIST_KEY_UIApplicationSceneManifest_Generation[sdk=iphoneos*]" = YES;
				"INFOPLIST_KEY_UIApplicationSceneManifest_Generation[sdk=iphonesimulator*]" = YES;
				"INFOPLIST_KEY_UIApplicationSupportsIndirectInputEvents[sdk=iphoneos*]" = YES;
				"INFOPLIST_KEY_UIApplicationSupportsIndirectInputEvents[sdk=iphonesimulator*]" = YES;
				"INFOPLIST_KEY_UILaunchScreen_Generation[sdk=iphoneos*]" = YES;
				"INFOPLIST_KEY_UILaunchScreen_Generation[sdk=iphonesimulator*]" = YES;
				"INFOPLIST_KEY_UIStatusBarStyle[sdk=iphoneos*]" = UIStatusBarStyleDefault;
				"INFOPLIST_KEY_UIStatusBarStyle[sdk=iphonesimulator*]" = UIStatusBarStyleDefault;
				INFOPLIST_KEY_UISupportedInterfaceOrientations_iPad = "UIInterfaceOrientationPortrait UIInterfaceOrientationPortraitUpsideDown UIInterfaceOrientationLandscapeLeft UIInterfaceOrientationLandscapeRight";
				INFOPLIST_KEY_UISupportedInterfaceOrientations_iPhone = "UIInterfaceOrientationPortrait UIInterfaceOrientationLandscapeLeft UIInterfaceOrientationLandscapeRight";
				IPHONEOS_DEPLOYMENT_TARGET = 15.6;
				LD_RUNPATH_SEARCH_PATHS = "@executable_path/Frameworks";
				"LD_RUNPATH_SEARCH_PATHS[sdk=macosx*]" = "@executable_path/../Frameworks";
				MACOSX_DEPLOYMENT_TARGET = 26.0;
				MARKETING_VERSION = 1.0;
				PRODUCT_BUNDLE_IDENTIFIER = com.thomaslebonnec.DrapeauExample;
				PRODUCT_NAME = "$(TARGET_NAME)";
				REGISTER_APP_GROUPS = YES;
				SDKROOT = auto;
				SUPPORTED_PLATFORMS = "iphoneos iphonesimulator macosx xros xrsimulator";
				SWIFT_EMIT_LOC_STRINGS = YES;
				SWIFT_VERSION = 5.0;
				TARGETED_DEVICE_FAMILY = "1,2,7";
				XROS_DEPLOYMENT_TARGET = 26.0;
			};
			name = Debug;
		};
		3D6DC25D2E06D9150034AF94 /* Release */ = {
			isa = XCBuildConfiguration;
			buildSettings = {
				ASSETCATALOG_COMPILER_APPICON_NAME = AppIcon;
				ASSETCATALOG_COMPILER_GLOBAL_ACCENT_COLOR_NAME = AccentColor;
				CODE_SIGN_ENTITLEMENTS = DrapeauExample/DrapeauExample.entitlements;
				CODE_SIGN_STYLE = Automatic;
				CURRENT_PROJECT_VERSION = 1;
				DEVELOPMENT_TEAM = BK8PRMYFUA;
				ENABLE_HARDENED_RUNTIME = YES;
				ENABLE_PREVIEWS = YES;
				GENERATE_INFOPLIST_FILE = YES;
				"INFOPLIST_KEY_UIApplicationSceneManifest_Generation[sdk=iphoneos*]" = YES;
				"INFOPLIST_KEY_UIApplicationSceneManifest_Generation[sdk=iphonesimulator*]" = YES;
				"INFOPLIST_KEY_UIApplicationSupportsIndirectInputEvents[sdk=iphoneos*]" = YES;
				"INFOPLIST_KEY_UIApplicationSupportsIndirectInputEvents[sdk=iphonesimulator*]" = YES;
				"INFOPLIST_KEY_UILaunchScreen_Generation[sdk=iphoneos*]" = YES;
				"INFOPLIST_KEY_UILaunchScreen_Generation[sdk=iphonesimulator*]" = YES;
				"INFOPLIST_KEY_UIStatusBarStyle[sdk=iphoneos*]" = UIStatusBarStyleDefault;
				"INFOPLIST_KEY_UIStatusBarStyle[sdk=iphonesimulator*]" = UIStatusBarStyleDefault;
				INFOPLIST_KEY_UISupportedInterfaceOrientations_iPad = "UIInterfaceOrientationPortrait UIInterfaceOrientationPortraitUpsideDown UIInterfaceOrientationLandscapeLeft UIInterfaceOrientationLandscapeRight";
				INFOPLIST_KEY_UISupportedInterfaceOrientations_iPhone = "UIInterfaceOrientationPortrait UIInterfaceOrientationLandscapeLeft UIInterfaceOrientationLandscapeRight";
				IPHONEOS_DEPLOYMENT_TARGET = 15.6;
				LD_RUNPATH_SEARCH_PATHS = "@executable_path/Frameworks";
				"LD_RUNPATH_SEARCH_PATHS[sdk=macosx*]" = "@executable_path/../Frameworks";
				MACOSX_DEPLOYMENT_TARGET = 26.0;
				MARKETING_VERSION = 1.0;
				PRODUCT_BUNDLE_IDENTIFIER = com.thomaslebonnec.DrapeauExample;
				PRODUCT_NAME = "$(TARGET_NAME)";
				REGISTER_APP_GROUPS = YES;
				SDKROOT = auto;
				SUPPORTED_PLATFORMS = "iphoneos iphonesimulator macosx xros xrsimulator";
				SWIFT_EMIT_LOC_STRINGS = YES;
				SWIFT_VERSION = 5.0;
				TARGETED_DEVICE_FAMILY = "1,2,7";
				XROS_DEPLOYMENT_TARGET = 26.0;
			};
			name = Release;
		};
		3D6DC25F2E06D9150034AF94 /* Debug */ = {
			isa = XCBuildConfiguration;
			buildSettings = {
				BUNDLE_LOADER = "$(TEST_HOST)";
				CODE_SIGN_STYLE = Automatic;
				CURRENT_PROJECT_VERSION = 1;
				DEVELOPMENT_TEAM = BK8PRMYFUA;
				GENERATE_INFOPLIST_FILE = YES;
				IPHONEOS_DEPLOYMENT_TARGET = 18.5;
				MACOSX_DEPLOYMENT_TARGET = 15.5;
				MARKETING_VERSION = 1.0;
				PRODUCT_BUNDLE_IDENTIFIER = com.thomaslebonnec.DrapeauExampleTests;
				PRODUCT_NAME = "$(TARGET_NAME)";
				SDKROOT = auto;
				SUPPORTED_PLATFORMS = "iphoneos iphonesimulator macosx xros xrsimulator";
				SWIFT_EMIT_LOC_STRINGS = NO;
				SWIFT_VERSION = 5.0;
				TARGETED_DEVICE_FAMILY = "1,2,7";
				TEST_HOST = "$(BUILT_PRODUCTS_DIR)/DrapeauExample.app/$(BUNDLE_EXECUTABLE_FOLDER_PATH)/DrapeauExample";
				XROS_DEPLOYMENT_TARGET = 2.5;
			};
			name = Debug;
		};
		3D6DC2602E06D9150034AF94 /* Release */ = {
			isa = XCBuildConfiguration;
			buildSettings = {
				BUNDLE_LOADER = "$(TEST_HOST)";
				CODE_SIGN_STYLE = Automatic;
				CURRENT_PROJECT_VERSION = 1;
				DEVELOPMENT_TEAM = BK8PRMYFUA;
				GENERATE_INFOPLIST_FILE = YES;
				IPHONEOS_DEPLOYMENT_TARGET = 18.5;
				MACOSX_DEPLOYMENT_TARGET = 15.5;
				MARKETING_VERSION = 1.0;
				PRODUCT_BUNDLE_IDENTIFIER = com.thomaslebonnec.DrapeauExampleTests;
				PRODUCT_NAME = "$(TARGET_NAME)";
				SDKROOT = auto;
				SUPPORTED_PLATFORMS = "iphoneos iphonesimulator macosx xros xrsimulator";
				SWIFT_EMIT_LOC_STRINGS = NO;
				SWIFT_VERSION = 5.0;
				TARGETED_DEVICE_FAMILY = "1,2,7";
				TEST_HOST = "$(BUILT_PRODUCTS_DIR)/DrapeauExample.app/$(BUNDLE_EXECUTABLE_FOLDER_PATH)/DrapeauExample";
				XROS_DEPLOYMENT_TARGET = 2.5;
			};
			name = Release;
		};
		3D6DC2622E06D9150034AF94 /* Debug */ = {
			isa = XCBuildConfiguration;
			buildSettings = {
				CODE_SIGN_STYLE = Automatic;
				CURRENT_PROJECT_VERSION = 1;
				DEVELOPMENT_TEAM = BK8PRMYFUA;
				GENERATE_INFOPLIST_FILE = YES;
				IPHONEOS_DEPLOYMENT_TARGET = 18.5;
				MACOSX_DEPLOYMENT_TARGET = 15.5;
				MARKETING_VERSION = 1.0;
				PRODUCT_BUNDLE_IDENTIFIER = com.thomaslebonnec.DrapeauExampleUITests;
				PRODUCT_NAME = "$(TARGET_NAME)";
				SDKROOT = auto;
				SUPPORTED_PLATFORMS = "iphoneos iphonesimulator macosx xros xrsimulator";
				SWIFT_EMIT_LOC_STRINGS = NO;
				SWIFT_VERSION = 5.0;
				TARGETED_DEVICE_FAMILY = "1,2,7";
				TEST_TARGET_NAME = DrapeauExample;
				XROS_DEPLOYMENT_TARGET = 2.5;
			};
			name = Debug;
		};
		3D6DC2632E06D9150034AF94 /* Release */ = {
			isa = XCBuildConfiguration;
			buildSettings = {
				CODE_SIGN_STYLE = Automatic;
				CURRENT_PROJECT_VERSION = 1;
				DEVELOPMENT_TEAM = BK8PRMYFUA;
				GENERATE_INFOPLIST_FILE = YES;
				IPHONEOS_DEPLOYMENT_TARGET = 18.5;
				MACOSX_DEPLOYMENT_TARGET = 15.5;
				MARKETING_VERSION = 1.0;
				PRODUCT_BUNDLE_IDENTIFIER = com.thomaslebonnec.DrapeauExampleUITests;
				PRODUCT_NAME = "$(TARGET_NAME)";
				SDKROOT = auto;
				SUPPORTED_PLATFORMS = "iphoneos iphonesimulator macosx xros xrsimulator";
				SWIFT_EMIT_LOC_STRINGS = NO;
				SWIFT_VERSION = 5.0;
				TARGETED_DEVICE_FAMILY = "1,2,7";
				TEST_TARGET_NAME = DrapeauExample;
				XROS_DEPLOYMENT_TARGET = 2.5;
			};
			name = Release;
		};
/* End XCBuildConfiguration section */

/* Begin XCConfigurationList section */
		3D6DC2342E06D9140034AF94 /* Build configuration list for PBXProject "DrapeauExample" */ = {
			isa = XCConfigurationList;
			buildConfigurations = (
				3D6DC2592E06D9150034AF94 /* Debug */,
				3D6DC25A2E06D9150034AF94 /* Release */,
			);
			defaultConfigurationIsVisible = 0;
			defaultConfigurationName = Release;
		};
		3D6DC25B2E06D9150034AF94 /* Build configuration list for PBXNativeTarget "DrapeauExample" */ = {
			isa = XCConfigurationList;
			buildConfigurations = (
				3D6DC25C2E06D9150034AF94 /* Debug */,
				3D6DC25D2E06D9150034AF94 /* Release */,
			);
			defaultConfigurationIsVisible = 0;
			defaultConfigurationName = Release;
		};
		3D6DC25E2E06D9150034AF94 /* Build configuration list for PBXNativeTarget "DrapeauExampleTests" */ = {
			isa = XCConfigurationList;
			buildConfigurations = (
				3D6DC25F2E06D9150034AF94 /* Debug */,
				3D6DC2602E06D9150034AF94 /* Release */,
			);
			defaultConfigurationIsVisible = 0;
			defaultConfigurationName = Release;
		};
		3D6DC2612E06D9150034AF94 /* Build configuration list for PBXNativeTarget "DrapeauExampleUITests" */ = {
			isa = XCConfigurationList;
			buildConfigurations = (
				3D6DC2622E06D9150034AF94 /* Debug */,
				3D6DC2632E06D9150034AF94 /* Release */,
			);
			defaultConfigurationIsVisible = 0;
			defaultConfigurationName = Release;
		};
/* End XCConfigurationList section */

/* Begin XCRemoteSwiftPackageReference section */
		3D6DC2712E06D9F00034AF94 /* XCRemoteSwiftPackageReference "DrapeauSwift" */ = {
			isa = XCRemoteSwiftPackageReference;
			repositoryURL = "https://github.com/Semaphore-EFREI/DrapeauSwift";
			requirement = {
				branch = main;
				kind = branch;
			};
		};
/* End XCRemoteSwiftPackageReference section */

/* Begin XCSwiftPackageProductDependency section */
		3D6DC2722E06D9F00034AF94 /* DrapeauSwift */ = {
			isa = XCSwiftPackageProductDependency;
			package = 3D6DC2712E06D9F00034AF94 /* XCRemoteSwiftPackageReference "DrapeauSwift" */;
			productName = DrapeauSwift;
		};
/* End XCSwiftPackageProductDependency section */
	};
	rootObject = 3D6DC2312E06D9140034AF94 /* Project object */;
}
