{
  "originHash" : "e5e132d937490a62b68ba54fd5d67224e2d91fd35aa4a173d87e4baccfdb1a9d",
  "pins" : [
    {
      "identity" : "drapeauswift",
      "kind" : "remoteSourceControl",
      "location" : "https://github.com/Semaphore-EFREI/DrapeauSwift",
      "state" : {
        "branch" : "main",
        "revision" : "7ddf20f52aabbaf2a3a805dcb38239b328c2a9d6"
      }
    }
  ],
  "version" : 3
}
