{
  "originHash" : "e5e132d937490a62b68ba54fd5d67224e2d91fd35aa4a173d87e4baccfdb1a9d",
  "pins" : [
    {
      "identity" : "drapeauswift",
      "kind" : "remoteSourceControl",
      "location" : "https://github.com/Semaphore-EFREI/DrapeauSwift",
      "state" : {
        "branch" : "main",
        "revision" : "a7b0df6db4cebf0c91163d93fd6449694af1b9c5"
      }
    }
  ],
  "version" : 3
}
